
Microsoft Visual Studio Solution File, Format Version 12.00
# Visual Studio Version 17
VisualStudioVersion = 17.9.34728.123
MinimumVisualStudioVersion = 10.0.40219.1
Project("{9A19103F-16F7-4668-BE54-9A1E7A4F7556}") = "Calculator", "Calculator\Calculator.csproj", "{D5110471-A3ED-4490-9140-A30A540AF0EE}"
EndProject
Project("{FAE04EC0-301F-11D3-BF4B-00C04F79EFBC}") = "Calculator.Test", "Calculator.Test\Calculator.Test.csproj", "{50FA4A0C-6C34-4319-90EC-F4D17D4B474A}"
EndProject
Global
	GlobalSection(SolutionConfigurationPlatforms) = preSolution
		Debug|Any CPU = Debug|Any CPU
		Release|Any CPU = Release|Any CPU
	EndGlobalSection
	GlobalSection(ProjectConfigurationPlatforms) = postSolution
		{D5110471-A3ED-4490-9140-A30A540AF0EE}.Debug|Any CPU.ActiveCfg = Debug|Any CPU
		{D5110471-A3ED-4490-9140-A30A540AF0EE}.Debug|Any CPU.Build.0 = Debug|Any CPU
		{D5110471-A3ED-4490-9140-A30A540AF0EE}.Release|Any CPU.ActiveCfg = Release|Any CPU
		{D5110471-A3ED-4490-9140-A30A540AF0EE}.Release|Any CPU.Build.0 = Release|Any CPU
		{50FA4A0C-6C34-4319-90EC-F4D17D4B474A}.Debug|Any CPU.ActiveCfg = Debug|Any CPU
		{50FA4A0C-6C34-4319-90EC-F4D17D4B474A}.Debug|Any CPU.Build.0 = Debug|Any CPU
		{50FA4A0C-6C34-4319-90EC-F4D17D4B474A}.Release|Any CPU.ActiveCfg = Release|Any CPU
		{50FA4A0C-6C34-4319-90EC-F4D17D4B474A}.Release|Any CPU.Build.0 = Release|Any CPU
	EndGlobalSection
	GlobalSection(SolutionProperties) = preSolution
		HideSolutionNode = FALSE
	EndGlobalSection
	GlobalSection(ExtensibilityGlobals) = postSolution
		SolutionGuid = {E580F01B-56B8-4C65-B346-C801B0F653EC}
	EndGlobalSection
EndGlobal
